schema: '2.0'
stages:
  create_partition:
    cmd: python prepare_data.py
    deps:
    - path: data
      md5: 78b9199d8d8c39773c9e984c9774647f.dir
      size: 217657
      nfiles: 2
    - path: prepare_data.py
      md5: 6a47d5a3d58a9041fcc1bd524e660fe8
      size: 875
    outs:
    - path: partitions/train.csv
      md5: 982eb49c4b46a97ae34e9323c104a279
      size: 640000
    - path: partitions/validation.csv
      md5: 76d37993edd233cf9d56925e07d96ee4
      size: 160000
  train:
    cmd: python train_args.py -e 200 -lr 0.3
    deps:
    - path: partitions/train.csv
      md5: f8a9c6aab158fbcc01fe67151f1f8ea9
      size: 640050
    outs:
    - path: metrics/train_loss_args.png
      md5: b74ced79597352c8b6e3d5e9e25f3422
      size: 15687
    - path: metrics/train_loss_args.txt
      md5: 9874a9125d9fca6ed0f6bdc48ec221f8
      size: 7678
    - path: models/linear_regression_args.pt
      md5: fa6d7f696f7d91e082f66d13084ea28c
      size: 1127
  eval:
    cmd: python eval_args.py -e 200 -lr 0.3
    deps:
    - path: models/linear_regression_args.pt
      md5: fa6d7f696f7d91e082f66d13084ea28c
      size: 1127
    - path: partitions/validation.csv
      md5: 7b8ddf072c275da9df2ecfc713ec37c2
      size: 160000
    outs:
    - path: evaluations/chart_args.png
      md5: d5d5445e65a90910bd7ab601b5abc112
      size: 23951
  create_partitions:
    cmd: python prepare_data.py
    deps:
    - path: data
      md5: f4e3d943267c3279edc9137a9e67d7b9.dir
      size: 181196
      nfiles: 1
    - path: prepare_data.py
      md5: 19f742de47483d3035c7efe47982e927
      size: 825
    outs:
    - path: partitions/train.csv
      md5: f8a9c6aab158fbcc01fe67151f1f8ea9
      size: 640050
    - path: partitions/validation.csv
      md5: 7b8ddf072c275da9df2ecfc713ec37c2
      size: 160000
  build@0:
    cmd: python train.py 500 0.003
  build@1:
    cmd: python train.py 1000 0.001
  build@2:
    cmd: python train.py 1500 0.0001
  build@3:
    cmd: python train.py 2000 0.0003
  train@1:
    cmd: python train.py -e 1000 -lr 0.001
    deps:
    - path: data
      md5: f4e3d943267c3279edc9137a9e67d7b9.dir
      size: 181196
      nfiles: 1
    - path: partitions/train.csv
      md5: f8a9c6aab158fbcc01fe67151f1f8ea9
      size: 640050
    - path: train.py
      md5: 2de65e2abd81ee19323a2a71f344fe8b
      size: 1959
    outs:
    - path: metrics/train_loss_1000_0.001.png
      md5: 3d5e927da07cd995fd4b4a07bbdf27f2
      size: 19599
    - path: metrics/train_loss_1000_0.001.txt
      md5: 1d6c53e68dabc5deb2d6333a2cd98fa9
      size: 36111
    - path: models/linear_regression_1000_0.001.pt
      md5: 5468ecbb8bb70b5c6318fd8859290bae
      size: 1127
  train@0:
    cmd: python train.py -e 500 -lr 0.003
    deps:
    - path: data
      md5: f4e3d943267c3279edc9137a9e67d7b9.dir
      size: 181196
      nfiles: 1
    - path: partitions/train.csv
      md5: f8a9c6aab158fbcc01fe67151f1f8ea9
      size: 640050
    - path: train.py
      md5: 2de65e2abd81ee19323a2a71f344fe8b
      size: 1959
    outs:
    - path: metrics/train_loss_500_0.003.png
      md5: 79f29cdd96dd8931f54b1ad800aac519
      size: 16270
    - path: metrics/train_loss_500_0.003.txt
      md5: ab686a3270584529f2d32632798c242b
      size: 18190
    - path: models/linear_regression_500_0.003.pt
      md5: 6d82c0523bb54c50bb978402904a8983
      size: 1127
  train@2:
    cmd: python train.py -e 1500 -lr 0.0001
    deps:
    - path: data
      md5: f4e3d943267c3279edc9137a9e67d7b9.dir
      size: 181196
      nfiles: 1
    - path: partitions/train.csv
      md5: f8a9c6aab158fbcc01fe67151f1f8ea9
      size: 640050
    - path: train.py
      md5: 2de65e2abd81ee19323a2a71f344fe8b
      size: 1959
    outs:
    - path: metrics/train_loss_1500_0.0001.png
      md5: 57f68d013820121b7ff46f1fa91986ec
      size: 20739
    - path: metrics/train_loss_1500_0.0001.txt
      md5: 3a4113ab623b5df6f769dd2eb8767fcd
      size: 53921
    - path: models/linear_regression_1500_0.0001.pt
      md5: 34e8739ca79b6b3d3090173b02ff6380
      size: 1127
  train@3:
    cmd: python train.py -e 2000 -lr 0.03
    deps:
    - path: data
      md5: f4e3d943267c3279edc9137a9e67d7b9.dir
      size: 181196
      nfiles: 1
    - path: partitions/train.csv
      md5: f8a9c6aab158fbcc01fe67151f1f8ea9
      size: 640050
    - path: train.py
      md5: 2de65e2abd81ee19323a2a71f344fe8b
      size: 1959
    outs:
    - path: metrics/train_loss_2000_0.03.png
      md5: 5df10b471891345d2445c9ea26fc9a93
      size: 16623
    - path: metrics/train_loss_2000_0.03.txt
      md5: bef9adb6138642c51820f681ea9fc263
      size: 78893
    - path: models/linear_regression_2000_0.03.pt
      md5: bdaa2eeb338b6eaa11ea6f39ec1bcece
      size: 1127
  eval@3:
    cmd: python eval.py -e 2000 -lr 0.03
    deps:
    - path: models/linear_regression_2000_0.03.pt
      md5: bdaa2eeb338b6eaa11ea6f39ec1bcece
      size: 1127
    - path: partitions/validation.csv
      md5: 7b8ddf072c275da9df2ecfc713ec37c2
      size: 160000
    outs:
    - path: evaluations/chart_2000_0.03.png
      md5: d8473e175eca95a8f27b9222ab057a01
      size: 23947
  eval@2:
    cmd: python eval.py -e 1500 -lr 0.0001
    deps:
    - path: models/linear_regression_1500_0.0001.pt
      md5: 34e8739ca79b6b3d3090173b02ff6380
      size: 1127
    - path: partitions/validation.csv
      md5: 7b8ddf072c275da9df2ecfc713ec37c2
      size: 160000
    outs:
    - path: evaluations/chart_1500_0.0001.png
      md5: c99978f8a2fc29e135aed9561ff2ec89
      size: 18956
  eval@1:
    cmd: python eval.py -e 1000 -lr 0.001
    deps:
    - path: models/linear_regression_1000_0.001.pt
      md5: 5468ecbb8bb70b5c6318fd8859290bae
      size: 1127
    - path: partitions/validation.csv
      md5: 7b8ddf072c275da9df2ecfc713ec37c2
      size: 160000
    outs:
    - path: evaluations/chart_1000_0.001.png
      md5: bfdd8f1cfb52a8265495a369a7585df4
      size: 19018
  eval@0:
    cmd: python eval.py -e 500 -lr 0.003
    deps:
    - path: models/linear_regression_500_0.003.pt
      md5: 6d82c0523bb54c50bb978402904a8983
      size: 1127
    - path: partitions/validation.csv
      md5: 7b8ddf072c275da9df2ecfc713ec37c2
      size: 160000
    outs:
    - path: evaluations/chart_500_0.003.png
      md5: 4856a73a340ec1df8c9d2219cc49ba4b
      size: 19688
  build:
    cmd: python train.py -e 200 -lr 0.3
    deps:
    - path: data
      md5: f4e3d943267c3279edc9137a9e67d7b9.dir
      size: 181196
      nfiles: 1
    - path: partitions/train.csv
      md5: f8a9c6aab158fbcc01fe67151f1f8ea9
      size: 640050
    - path: train.py
      md5: 2de65e2abd81ee19323a2a71f344fe8b
      size: 1959
    outs:
    - path: metrics/train_loss_200_0.3.png
      md5: 7349a611002f33fe8eeb205c1ec82df4
      size: 17741
    - path: metrics/train_loss_200_0.3.txt
      md5: d3a9fdab6b640d1d8bed7504737e2785
      size: 7721
    - path: models/linear_regression_200_0.3.pt
      md5: a95aeecab1439219fa46cdbde62dbfaa
      size: 1127
  single_eval:
    cmd: python eval_single.py
    deps:
    - path: models/linear_regression.pt
      md5: 38631a2a34abf29e292b0683e3349018
      size: 1127
    - path: partitions/validation.csv
      md5: 7b8ddf072c275da9df2ecfc713ec37c2
      size: 160000
    outs:
    - path: evaluations/chart.png
      md5: 8a1aa37eecb6057651c8850604c286f8
      size: 19944
  train_single:
    cmd: python train_single.py
    deps:
    - path: partitions/train.csv
      md5: f8a9c6aab158fbcc01fe67151f1f8ea9
      size: 640050
    outs:
    - path: metrics/train_loss.png
      md5: 76a0cf66ad5041deedd101bd630e03b3
      size: 18572
    - path: metrics/train_loss.txt
      md5: 55702cadacc642a5592c415d6e290d78
      size: 17884
    - path: models/linear_regression.pt
      md5: 38631a2a34abf29e292b0683e3349018
      size: 1127
